Microsoft Visual Studio Solution File, Format Version 12.00
# Visual Studio 15
VisualStudioVersion = 15.0.27130.2010
MinimumVisualStudioVersion = 15.0.26124.0
Project("{9A19103F-16F7-4668-BE54-9A1E7A4F7556}") = "AssetProcessor", "AssetProcessor\AssetProcessor.csproj", "{A4EB09B4-46B2-4959-AB49-3E51C41674AC}"
EndProject
Project("{9A19103F-16F7-4668-BE54-9A1E7A4F7556}") = "AssetPrimitives", "AssetPrimitives\AssetPrimitives.csproj", "{A4FD32D3-1C3F-4E8D-B681-428C3E1A39D3}"
EndProject
Project("{9A19103F-16F7-4668-BE54-9A1E7A4F7556}") = "Test", "Test\Test.csproj", "{9ABA77D3-E172-42C9-9C86-648728425D2D}"
EndProject
Project("{9A19103F-16F7-4668-BE54-9A1E7A4F7556}") = "PongGlobe", "PongGlobe2\PongGlobe.csproj", "{F6AB7E9B-E58D-4CCB-B0F7-8EEA84A71488}"
EndProject
Project("{9A19103F-16F7-4668-BE54-9A1E7A4F7556}") = "PongGlobe.Scene", "PongGlobe.Scene2\PongGlobe.Scene.csproj", "{37FBB02A-A223-47E6-8B14-D07880BFD13A}"
EndProject
Project("{9A19103F-16F7-4668-BE54-9A1E7A4F7556}") = "PongGlobe.Windows", "PongGlobe.Windows\PongGlobe.Windows.csproj", "{9482A60A-2BC2-4767-809B-828D37587D45}"
EndProject
Project("{2150E333-8FDC-42A3-9474-1A3956D46DE8}") = "vk", "vk", "{FFE21A9E-BFE8-45D5-A23F-C313576C9E3C}"
EndProject
Project("{9A19103F-16F7-4668-BE54-9A1E7A4F7556}") = "Veldrid", "Veldrid\Veldrid.csproj", "{0BBA03CE-EE39-4321-BCFA-B2FDB88FDE0F}"
EndProject
Project("{9A19103F-16F7-4668-BE54-9A1E7A4F7556}") = "Veldrid.ImageSharp", "Veldrid.ImageSharp\Veldrid.ImageSharp.csproj", "{6A204977-FC5E-48D3-A20C-34A98EB870EF}"
EndProject
Project("{9A19103F-16F7-4668-BE54-9A1E7A4F7556}") = "Veldrid.ImGui", "Veldrid.ImGui\Veldrid.ImGui.csproj", "{86930806-BB6B-4CA2-81D7-A97FF7061D66}"
EndProject
Project("{9A19103F-16F7-4668-BE54-9A1E7A4F7556}") = "Veldrid.MetalBindings", "Veldrid.MetalBindings\Veldrid.MetalBindings.csproj", "{98177A2D-C09F-415F-AD42-267BAE6D8064}"
EndProject
Project("{9A19103F-16F7-4668-BE54-9A1E7A4F7556}") = "Veldrid.OpenGLBindings", "Veldrid.OpenGLBindings\Veldrid.OpenGLBindings.csproj", "{BB59292C-E92F-4BF7-A460-ADDD9E2E2148}"
EndProject
Project("{9A19103F-16F7-4668-BE54-9A1E7A4F7556}") = "Veldrid.SDL2", "Veldrid.SDL2\Veldrid.SDL2.csproj", "{3DFE4F74-3747-432B-B058-A5B66F8B18F9}"
EndProject
Project("{9A19103F-16F7-4668-BE54-9A1E7A4F7556}") = "Veldrid.StartupUtilities", "Veldrid.StartupUtilities\Veldrid.StartupUtilities.csproj", "{2C9AF9C5-4C8F-4B16-9D13-C3AE8C994286}"
EndProject
Project("{9A19103F-16F7-4668-BE54-9A1E7A4F7556}") = "Veldrid.Utilities", "Veldrid.Utilities\Veldrid.Utilities.csproj", "{31EE1559-03DC-4E09-AC1C-FE385022A568}"
EndProject
Project("{FAE04EC0-301F-11D3-BF4B-00C04F79EFBC}") = "PongGlobe.WinForm", "WindowsFormsApp1\PongGlobe.WinForm.csproj", "{5A738A3B-5F54-4C79-9E36-B6B2A6C99564}"
EndProject
Project("{2150E333-8FDC-42A3-9474-1A3956D46DE8}") = "Samplers", "Samplers", "{BC5410D4-90F1-4D7F-B92A-E5CBCBCE2199}"
EndProject
Project("{9A19103F-16F7-4668-BE54-9A1E7A4F7556}") = "ClassLibrary1", "ClassLibrary1\ClassLibrary1.csproj", "{0523A6F4-43E2-469E-97F7-2081D6E0F88D}"
EndProject
Project("{9A19103F-16F7-4668-BE54-9A1E7A4F7556}") = "ImGui.NET", "ImGui.NET\ImGui.NET.csproj", "{EEF5BEA0-EB36-4BCF-B39B-ED9BFD2FE790}"
EndProject
Project("{9A19103F-16F7-4668-BE54-9A1E7A4F7556}") = "ImGui", "ImGui\src\ImGui\ImGui.csproj", "{A45A20E0-DF26-46FA-99A4-C0758135B030}"
EndProject
Global
	GlobalSection(SolutionConfigurationPlatforms) = preSolution
		Debug|Any CPU = Debug|Any CPU
		Debug|x64 = Debug|x64
		Debug|x86 = Debug|x86
		Release|Any CPU = Release|Any CPU
		Release|x64 = Release|x64
		Release|x86 = Release|x86
	EndGlobalSection
	GlobalSection(ProjectConfigurationPlatforms) = postSolution
		{A4EB09B4-46B2-4959-AB49-3E51C41674AC}.Debug|Any CPU.ActiveCfg = Debug|Any CPU
		{A4EB09B4-46B2-4959-AB49-3E51C41674AC}.Debug|Any CPU.Build.0 = Debug|Any CPU
		{A4EB09B4-46B2-4959-AB49-3E51C41674AC}.Debug|x64.ActiveCfg = Debug|Any CPU
		{A4EB09B4-46B2-4959-AB49-3E51C41674AC}.Debug|x64.Build.0 = Debug|Any CPU
		{A4EB09B4-46B2-4959-AB49-3E51C41674AC}.Debug|x86.ActiveCfg = Debug|Any CPU
		{A4EB09B4-46B2-4959-AB49-3E51C41674AC}.Debug|x86.Build.0 = Debug|Any CPU
		{A4EB09B4-46B2-4959-AB49-3E51C41674AC}.Release|Any CPU.ActiveCfg = Release|Any CPU
		{A4EB09B4-46B2-4959-AB49-3E51C41674AC}.Release|Any CPU.Build.0 = Release|Any CPU
		{A4EB09B4-46B2-4959-AB49-3E51C41674AC}.Release|x64.ActiveCfg = Release|Any CPU
		{A4EB09B4-46B2-4959-AB49-3E51C41674AC}.Release|x64.Build.0 = Release|Any CPU
		{A4EB09B4-46B2-4959-AB49-3E51C41674AC}.Release|x86.ActiveCfg = Release|Any CPU
		{A4EB09B4-46B2-4959-AB49-3E51C41674AC}.Release|x86.Build.0 = Release|Any CPU
		{A4FD32D3-1C3F-4E8D-B681-428C3E1A39D3}.Debug|Any CPU.ActiveCfg = Debug|Any CPU
		{A4FD32D3-1C3F-4E8D-B681-428C3E1A39D3}.Debug|Any CPU.Build.0 = Debug|Any CPU
		{A4FD32D3-1C3F-4E8D-B681-428C3E1A39D3}.Debug|x64.ActiveCfg = Debug|Any CPU
		{A4FD32D3-1C3F-4E8D-B681-428C3E1A39D3}.Debug|x64.Build.0 = Debug|Any CPU
		{A4FD32D3-1C3F-4E8D-B681-428C3E1A39D3}.Debug|x86.ActiveCfg = Debug|Any CPU
		{A4FD32D3-1C3F-4E8D-B681-428C3E1A39D3}.Debug|x86.Build.0 = Debug|Any CPU
		{A4FD32D3-1C3F-4E8D-B681-428C3E1A39D3}.Release|Any CPU.ActiveCfg = Release|Any CPU
		{A4FD32D3-1C3F-4E8D-B681-428C3E1A39D3}.Release|Any CPU.Build.0 = Release|Any CPU
		{A4FD32D3-1C3F-4E8D-B681-428C3E1A39D3}.Release|x64.ActiveCfg = Release|Any CPU
		{A4FD32D3-1C3F-4E8D-B681-428C3E1A39D3}.Release|x64.Build.0 = Release|Any CPU
		{A4FD32D3-1C3F-4E8D-B681-428C3E1A39D3}.Release|x86.ActiveCfg = Release|Any CPU
		{A4FD32D3-1C3F-4E8D-B681-428C3E1A39D3}.Release|x86.Build.0 = Release|Any CPU
		{9ABA77D3-E172-42C9-9C86-648728425D2D}.Debug|Any CPU.ActiveCfg = Debug|Any CPU
		{9ABA77D3-E172-42C9-9C86-648728425D2D}.Debug|Any CPU.Build.0 = Debug|Any CPU
		{9ABA77D3-E172-42C9-9C86-648728425D2D}.Debug|x64.ActiveCfg = Debug|Any CPU
		{9ABA77D3-E172-42C9-9C86-648728425D2D}.Debug|x64.Build.0 = Debug|Any CPU
		{9ABA77D3-E172-42C9-9C86-648728425D2D}.Debug|x86.ActiveCfg = Debug|Any CPU
		{9ABA77D3-E172-42C9-9C86-648728425D2D}.Debug|x86.Build.0 = Debug|Any CPU
		{9ABA77D3-E172-42C9-9C86-648728425D2D}.Release|Any CPU.ActiveCfg = Release|Any CPU
		{9ABA77D3-E172-42C9-9C86-648728425D2D}.Release|Any CPU.Build.0 = Release|Any CPU
		{9ABA77D3-E172-42C9-9C86-648728425D2D}.Release|x64.ActiveCfg = Release|Any CPU
		{9ABA77D3-E172-42C9-9C86-648728425D2D}.Release|x64.Build.0 = Release|Any CPU
		{9ABA77D3-E172-42C9-9C86-648728425D2D}.Release|x86.ActiveCfg = Release|Any CPU
		{9ABA77D3-E172-42C9-9C86-648728425D2D}.Release|x86.Build.0 = Release|Any CPU
		{F6AB7E9B-E58D-4CCB-B0F7-8EEA84A71488}.Debug|Any CPU.ActiveCfg = Debug|Any CPU
		{F6AB7E9B-E58D-4CCB-B0F7-8EEA84A71488}.Debug|Any CPU.Build.0 = Debug|Any CPU
		{F6AB7E9B-E58D-4CCB-B0F7-8EEA84A71488}.Debug|x64.ActiveCfg = Debug|Any CPU
		{F6AB7E9B-E58D-4CCB-B0F7-8EEA84A71488}.Debug|x64.Build.0 = Debug|Any CPU
		{F6AB7E9B-E58D-4CCB-B0F7-8EEA84A71488}.Debug|x86.ActiveCfg = Debug|Any CPU
		{F6AB7E9B-E58D-4CCB-B0F7-8EEA84A71488}.Debug|x86.Build.0 = Debug|Any CPU
		{F6AB7E9B-E58D-4CCB-B0F7-8EEA84A71488}.Release|Any CPU.ActiveCfg = Release|Any CPU
		{F6AB7E9B-E58D-4CCB-B0F7-8EEA84A71488}.Release|Any CPU.Build.0 = Release|Any CPU
		{F6AB7E9B-E58D-4CCB-B0F7-8EEA84A71488}.Release|x64.ActiveCfg = Release|Any CPU
		{F6AB7E9B-E58D-4CCB-B0F7-8EEA84A71488}.Release|x64.Build.0 = Release|Any CPU
		{F6AB7E9B-E58D-4CCB-B0F7-8EEA84A71488}.Release|x86.ActiveCfg = Release|Any CPU
		{F6AB7E9B-E58D-4CCB-B0F7-8EEA84A71488}.Release|x86.Build.0 = Release|Any CPU
		{37FBB02A-A223-47E6-8B14-D07880BFD13A}.Debug|Any CPU.ActiveCfg = Debug|Any CPU
		{37FBB02A-A223-47E6-8B14-D07880BFD13A}.Debug|Any CPU.Build.0 = Debug|Any CPU
		{37FBB02A-A223-47E6-8B14-D07880BFD13A}.Debug|x64.ActiveCfg = Debug|Any CPU
		{37FBB02A-A223-47E6-8B14-D07880BFD13A}.Debug|x64.Build.0 = Debug|Any CPU
		{37FBB02A-A223-47E6-8B14-D07880BFD13A}.Debug|x86.ActiveCfg = Debug|Any CPU
		{37FBB02A-A223-47E6-8B14-D07880BFD13A}.Debug|x86.Build.0 = Debug|Any CPU
		{37FBB02A-A223-47E6-8B14-D07880BFD13A}.Release|Any CPU.ActiveCfg = Release|Any CPU
		{37FBB02A-A223-47E6-8B14-D07880BFD13A}.Release|Any CPU.Build.0 = Release|Any CPU
		{37FBB02A-A223-47E6-8B14-D07880BFD13A}.Release|x64.ActiveCfg = Release|Any CPU
		{37FBB02A-A223-47E6-8B14-D07880BFD13A}.Release|x64.Build.0 = Release|Any CPU
		{37FBB02A-A223-47E6-8B14-D07880BFD13A}.Release|x86.ActiveCfg = Release|Any CPU
		{37FBB02A-A223-47E6-8B14-D07880BFD13A}.Release|x86.Build.0 = Release|Any CPU
		{9482A60A-2BC2-4767-809B-828D37587D45}.Debug|Any CPU.ActiveCfg = Debug|Any CPU
		{9482A60A-2BC2-4767-809B-828D37587D45}.Debug|Any CPU.Build.0 = Debug|Any CPU
		{9482A60A-2BC2-4767-809B-828D37587D45}.Debug|x64.ActiveCfg = Debug|Any CPU
		{9482A60A-2BC2-4767-809B-828D37587D45}.Debug|x64.Build.0 = Debug|Any CPU
		{9482A60A-2BC2-4767-809B-828D37587D45}.Debug|x86.ActiveCfg = Debug|Any CPU
		{9482A60A-2BC2-4767-809B-828D37587D45}.Debug|x86.Build.0 = Debug|Any CPU
		{9482A60A-2BC2-4767-809B-828D37587D45}.Release|Any CPU.ActiveCfg = Release|Any CPU
		{9482A60A-2BC2-4767-809B-828D37587D45}.Release|Any CPU.Build.0 = Release|Any CPU
		{9482A60A-2BC2-4767-809B-828D37587D45}.Release|x64.ActiveCfg = Release|Any CPU
		{9482A60A-2BC2-4767-809B-828D37587D45}.Release|x64.Build.0 = Release|Any CPU
		{9482A60A-2BC2-4767-809B-828D37587D45}.Release|x86.ActiveCfg = Release|Any CPU
		{9482A60A-2BC2-4767-809B-828D37587D45}.Release|x86.Build.0 = Release|Any CPU
		{0BBA03CE-EE39-4321-BCFA-B2FDB88FDE0F}.Debug|Any CPU.ActiveCfg = Debug|Any CPU
		{0BBA03CE-EE39-4321-BCFA-B2FDB88FDE0F}.Debug|Any CPU.Build.0 = Debug|Any CPU
		{0BBA03CE-EE39-4321-BCFA-B2FDB88FDE0F}.Debug|x64.ActiveCfg = Debug|Any CPU
		{0BBA03CE-EE39-4321-BCFA-B2FDB88FDE0F}.Debug|x64.Build.0 = Debug|Any CPU
		{0BBA03CE-EE39-4321-BCFA-B2FDB88FDE0F}.Debug|x86.ActiveCfg = Debug|Any CPU
		{0BBA03CE-EE39-4321-BCFA-B2FDB88FDE0F}.Debug|x86.Build.0 = Debug|Any CPU
		{0BBA03CE-EE39-4321-BCFA-B2FDB88FDE0F}.Release|Any CPU.ActiveCfg = Release|Any CPU
		{0BBA03CE-EE39-4321-BCFA-B2FDB88FDE0F}.Release|Any CPU.Build.0 = Release|Any CPU
		{0BBA03CE-EE39-4321-BCFA-B2FDB88FDE0F}.Release|x64.ActiveCfg = Release|Any CPU
		{0BBA03CE-EE39-4321-BCFA-B2FDB88FDE0F}.Release|x64.Build.0 = Release|Any CPU
		{0BBA03CE-EE39-4321-BCFA-B2FDB88FDE0F}.Release|x86.ActiveCfg = Release|Any CPU
		{0BBA03CE-EE39-4321-BCFA-B2FDB88FDE0F}.Release|x86.Build.0 = Release|Any CPU
		{6A204977-FC5E-48D3-A20C-34A98EB870EF}.Debug|Any CPU.ActiveCfg = Debug|Any CPU
		{6A204977-FC5E-48D3-A20C-34A98EB870EF}.Debug|Any CPU.Build.0 = Debug|Any CPU
		{6A204977-FC5E-48D3-A20C-34A98EB870EF}.Debug|x64.ActiveCfg = Debug|Any CPU
		{6A204977-FC5E-48D3-A20C-34A98EB870EF}.Debug|x64.Build.0 = Debug|Any CPU
		{6A204977-FC5E-48D3-A20C-34A98EB870EF}.Debug|x86.ActiveCfg = Debug|Any CPU
		{6A204977-FC5E-48D3-A20C-34A98EB870EF}.Debug|x86.Build.0 = Debug|Any CPU
		{6A204977-FC5E-48D3-A20C-34A98EB870EF}.Release|Any CPU.ActiveCfg = Release|Any CPU
		{6A204977-FC5E-48D3-A20C-34A98EB870EF}.Release|Any CPU.Build.0 = Release|Any CPU
		{6A204977-FC5E-48D3-A20C-34A98EB870EF}.Release|x64.ActiveCfg = Release|Any CPU
		{6A204977-FC5E-48D3-A20C-34A98EB870EF}.Release|x64.Build.0 = Release|Any CPU
		{6A204977-FC5E-48D3-A20C-34A98EB870EF}.Release|x86.ActiveCfg = Release|Any CPU
		{6A204977-FC5E-48D3-A20C-34A98EB870EF}.Release|x86.Build.0 = Release|Any CPU
		{86930806-BB6B-4CA2-81D7-A97FF7061D66}.Debug|Any CPU.ActiveCfg = Debug|Any CPU
		{86930806-BB6B-4CA2-81D7-A97FF7061D66}.Debug|Any CPU.Build.0 = Debug|Any CPU
		{86930806-BB6B-4CA2-81D7-A97FF7061D66}.Debug|x64.ActiveCfg = Debug|Any CPU
		{86930806-BB6B-4CA2-81D7-A97FF7061D66}.Debug|x64.Build.0 = Debug|Any CPU
		{86930806-BB6B-4CA2-81D7-A97FF7061D66}.Debug|x86.ActiveCfg = Debug|Any CPU
		{86930806-BB6B-4CA2-81D7-A97FF7061D66}.Debug|x86.Build.0 = Debug|Any CPU
		{86930806-BB6B-4CA2-81D7-A97FF7061D66}.Release|Any CPU.ActiveCfg = Release|Any CPU
		{86930806-BB6B-4CA2-81D7-A97FF7061D66}.Release|Any CPU.Build.0 = Release|Any CPU
		{86930806-BB6B-4CA2-81D7-A97FF7061D66}.Release|x64.ActiveCfg = Release|Any CPU
		{86930806-BB6B-4CA2-81D7-A97FF7061D66}.Release|x64.Build.0 = Release|Any CPU
		{86930806-BB6B-4CA2-81D7-A97FF7061D66}.Release|x86.ActiveCfg = Release|Any CPU
		{86930806-BB6B-4CA2-81D7-A97FF7061D66}.Release|x86.Build.0 = Release|Any CPU
		{98177A2D-C09F-415F-AD42-267BAE6D8064}.Debug|Any CPU.ActiveCfg = Debug|Any CPU
		{98177A2D-C09F-415F-AD42-267BAE6D8064}.Debug|Any CPU.Build.0 = Debug|Any CPU
		{98177A2D-C09F-415F-AD42-267BAE6D8064}.Debug|x64.ActiveCfg = Debug|Any CPU
		{98177A2D-C09F-415F-AD42-267BAE6D8064}.Debug|x64.Build.0 = Debug|Any CPU
		{98177A2D-C09F-415F-AD42-267BAE6D8064}.Debug|x86.ActiveCfg = Debug|Any CPU
		{98177A2D-C09F-415F-AD42-267BAE6D8064}.Debug|x86.Build.0 = Debug|Any CPU
		{98177A2D-C09F-415F-AD42-267BAE6D8064}.Release|Any CPU.ActiveCfg = Release|Any CPU
		{98177A2D-C09F-415F-AD42-267BAE6D8064}.Release|Any CPU.Build.0 = Release|Any CPU
		{98177A2D-C09F-415F-AD42-267BAE6D8064}.Release|x64.ActiveCfg = Release|Any CPU
		{98177A2D-C09F-415F-AD42-267BAE6D8064}.Release|x64.Build.0 = Release|Any CPU
		{98177A2D-C09F-415F-AD42-267BAE6D8064}.Release|x86.ActiveCfg = Release|Any CPU
		{98177A2D-C09F-415F-AD42-267BAE6D8064}.Release|x86.Build.0 = Release|Any CPU
		{BB59292C-E92F-4BF7-A460-ADDD9E2E2148}.Debug|Any CPU.ActiveCfg = Debug|Any CPU
		{BB59292C-E92F-4BF7-A460-ADDD9E2E2148}.Debug|Any CPU.Build.0 = Debug|Any CPU
		{BB59292C-E92F-4BF7-A460-ADDD9E2E2148}.Debug|x64.ActiveCfg = Debug|Any CPU
		{BB59292C-E92F-4BF7-A460-ADDD9E2E2148}.Debug|x64.Build.0 = Debug|Any CPU
		{BB59292C-E92F-4BF7-A460-ADDD9E2E2148}.Debug|x86.ActiveCfg = Debug|Any CPU
		{BB59292C-E92F-4BF7-A460-ADDD9E2E2148}.Debug|x86.Build.0 = Debug|Any CPU
		{BB59292C-E92F-4BF7-A460-ADDD9E2E2148}.Release|Any CPU.ActiveCfg = Release|Any CPU
		{BB59292C-E92F-4BF7-A460-ADDD9E2E2148}.Release|Any CPU.Build.0 = Release|Any CPU
		{BB59292C-E92F-4BF7-A460-ADDD9E2E2148}.Release|x64.ActiveCfg = Release|Any CPU
		{BB59292C-E92F-4BF7-A460-ADDD9E2E2148}.Release|x64.Build.0 = Release|Any CPU
		{BB59292C-E92F-4BF7-A460-ADDD9E2E2148}.Release|x86.ActiveCfg = Release|Any CPU
		{BB59292C-E92F-4BF7-A460-ADDD9E2E2148}.Release|x86.Build.0 = Release|Any CPU
		{3DFE4F74-3747-432B-B058-A5B66F8B18F9}.Debug|Any CPU.ActiveCfg = Debug|Any CPU
		{3DFE4F74-3747-432B-B058-A5B66F8B18F9}.Debug|Any CPU.Build.0 = Debug|Any CPU
		{3DFE4F74-3747-432B-B058-A5B66F8B18F9}.Debug|x64.ActiveCfg = Debug|Any CPU
		{3DFE4F74-3747-432B-B058-A5B66F8B18F9}.Debug|x64.Build.0 = Debug|Any CPU
		{3DFE4F74-3747-432B-B058-A5B66F8B18F9}.Debug|x86.ActiveCfg = Debug|Any CPU
		{3DFE4F74-3747-432B-B058-A5B66F8B18F9}.Debug|x86.Build.0 = Debug|Any CPU
		{3DFE4F74-3747-432B-B058-A5B66F8B18F9}.Release|Any CPU.ActiveCfg = Release|Any CPU
		{3DFE4F74-3747-432B-B058-A5B66F8B18F9}.Release|Any CPU.Build.0 = Release|Any CPU
		{3DFE4F74-3747-432B-B058-A5B66F8B18F9}.Release|x64.ActiveCfg = Release|Any CPU
		{3DFE4F74-3747-432B-B058-A5B66F8B18F9}.Release|x64.Build.0 = Release|Any CPU
		{3DFE4F74-3747-432B-B058-A5B66F8B18F9}.Release|x86.ActiveCfg = Release|Any CPU
		{3DFE4F74-3747-432B-B058-A5B66F8B18F9}.Release|x86.Build.0 = Release|Any CPU
		{2C9AF9C5-4C8F-4B16-9D13-C3AE8C994286}.Debug|Any CPU.ActiveCfg = Debug|Any CPU
		{2C9AF9C5-4C8F-4B16-9D13-C3AE8C994286}.Debug|Any CPU.Build.0 = Debug|Any CPU
		{2C9AF9C5-4C8F-4B16-9D13-C3AE8C994286}.Debug|x64.ActiveCfg = Debug|Any CPU
		{2C9AF9C5-4C8F-4B16-9D13-C3AE8C994286}.Debug|x64.Build.0 = Debug|Any CPU
		{2C9AF9C5-4C8F-4B16-9D13-C3AE8C994286}.Debug|x86.ActiveCfg = Debug|Any CPU
		{2C9AF9C5-4C8F-4B16-9D13-C3AE8C994286}.Debug|x86.Build.0 = Debug|Any CPU
		{2C9AF9C5-4C8F-4B16-9D13-C3AE8C994286}.Release|Any CPU.ActiveCfg = Release|Any CPU
		{2C9AF9C5-4C8F-4B16-9D13-C3AE8C994286}.Release|Any CPU.Build.0 = Release|Any CPU
		{2C9AF9C5-4C8F-4B16-9D13-C3AE8C994286}.Release|x64.ActiveCfg = Release|Any CPU
		{2C9AF9C5-4C8F-4B16-9D13-C3AE8C994286}.Release|x64.Build.0 = Release|Any CPU
		{2C9AF9C5-4C8F-4B16-9D13-C3AE8C994286}.Release|x86.ActiveCfg = Release|Any CPU
		{2C9AF9C5-4C8F-4B16-9D13-C3AE8C994286}.Release|x86.Build.0 = Release|Any CPU
		{31EE1559-03DC-4E09-AC1C-FE385022A568}.Debug|Any CPU.ActiveCfg = Debug|Any CPU
		{31EE1559-03DC-4E09-AC1C-FE385022A568}.Debug|Any CPU.Build.0 = Debug|Any CPU
		{31EE1559-03DC-4E09-AC1C-FE385022A568}.Debug|x64.ActiveCfg = Debug|Any CPU
		{31EE1559-03DC-4E09-AC1C-FE385022A568}.Debug|x64.Build.0 = Debug|Any CPU
		{31EE1559-03DC-4E09-AC1C-FE385022A568}.Debug|x86.ActiveCfg = Debug|Any CPU
		{31EE1559-03DC-4E09-AC1C-FE385022A568}.Debug|x86.Build.0 = Debug|Any CPU
		{31EE1559-03DC-4E09-AC1C-FE385022A568}.Release|Any CPU.ActiveCfg = Release|Any CPU
		{31EE1559-03DC-4E09-AC1C-FE385022A568}.Release|Any CPU.Build.0 = Release|Any CPU
		{31EE1559-03DC-4E09-AC1C-FE385022A568}.Release|x64.ActiveCfg = Release|Any CPU
		{31EE1559-03DC-4E09-AC1C-FE385022A568}.Release|x64.Build.0 = Release|Any CPU
		{31EE1559-03DC-4E09-AC1C-FE385022A568}.Release|x86.ActiveCfg = Release|Any CPU
		{31EE1559-03DC-4E09-AC1C-FE385022A568}.Release|x86.Build.0 = Release|Any CPU
		{5A738A3B-5F54-4C79-9E36-B6B2A6C99564}.Debug|Any CPU.ActiveCfg = Debug|Any CPU
		{5A738A3B-5F54-4C79-9E36-B6B2A6C99564}.Debug|Any CPU.Build.0 = Debug|Any CPU
		{5A738A3B-5F54-4C79-9E36-B6B2A6C99564}.Debug|x64.ActiveCfg = Debug|Any CPU
		{5A738A3B-5F54-4C79-9E36-B6B2A6C99564}.Debug|x64.Build.0 = Debug|Any CPU
		{5A738A3B-5F54-4C79-9E36-B6B2A6C99564}.Debug|x86.ActiveCfg = Debug|Any CPU
		{5A738A3B-5F54-4C79-9E36-B6B2A6C99564}.Debug|x86.Build.0 = Debug|Any CPU
		{5A738A3B-5F54-4C79-9E36-B6B2A6C99564}.Release|Any CPU.ActiveCfg = Release|Any CPU
		{5A738A3B-5F54-4C79-9E36-B6B2A6C99564}.Release|Any CPU.Build.0 = Release|Any CPU
		{5A738A3B-5F54-4C79-9E36-B6B2A6C99564}.Release|x64.ActiveCfg = Release|Any CPU
		{5A738A3B-5F54-4C79-9E36-B6B2A6C99564}.Release|x64.Build.0 = Release|Any CPU
		{5A738A3B-5F54-4C79-9E36-B6B2A6C99564}.Release|x86.ActiveCfg = Release|Any CPU
		{5A738A3B-5F54-4C79-9E36-B6B2A6C99564}.Release|x86.Build.0 = Release|Any CPU
		{0523A6F4-43E2-469E-97F7-2081D6E0F88D}.Debug|Any CPU.ActiveCfg = Debug|Any CPU
		{0523A6F4-43E2-469E-97F7-2081D6E0F88D}.Debug|Any CPU.Build.0 = Debug|Any CPU
		{0523A6F4-43E2-469E-97F7-2081D6E0F88D}.Debug|x64.ActiveCfg = Debug|Any CPU
		{0523A6F4-43E2-469E-97F7-2081D6E0F88D}.Debug|x64.Build.0 = Debug|Any CPU
		{0523A6F4-43E2-469E-97F7-2081D6E0F88D}.Debug|x86.ActiveCfg = Debug|Any CPU
		{0523A6F4-43E2-469E-97F7-2081D6E0F88D}.Debug|x86.Build.0 = Debug|Any CPU
		{0523A6F4-43E2-469E-97F7-2081D6E0F88D}.Release|Any CPU.ActiveCfg = Release|Any CPU
		{0523A6F4-43E2-469E-97F7-2081D6E0F88D}.Release|Any CPU.Build.0 = Release|Any CPU
		{0523A6F4-43E2-469E-97F7-2081D6E0F88D}.Release|x64.ActiveCfg = Release|Any CPU
		{0523A6F4-43E2-469E-97F7-2081D6E0F88D}.Release|x64.Build.0 = Release|Any CPU
		{0523A6F4-43E2-469E-97F7-2081D6E0F88D}.Release|x86.ActiveCfg = Release|Any CPU
		{0523A6F4-43E2-469E-97F7-2081D6E0F88D}.Release|x86.Build.0 = Release|Any CPU
		{EEF5BEA0-EB36-4BCF-B39B-ED9BFD2FE790}.Debug|Any CPU.ActiveCfg = Debug|Any CPU
		{EEF5BEA0-EB36-4BCF-B39B-ED9BFD2FE790}.Debug|Any CPU.Build.0 = Debug|Any CPU
		{EEF5BEA0-EB36-4BCF-B39B-ED9BFD2FE790}.Debug|x64.ActiveCfg = Debug|Any CPU
		{EEF5BEA0-EB36-4BCF-B39B-ED9BFD2FE790}.Debug|x64.Build.0 = Debug|Any CPU
		{EEF5BEA0-EB36-4BCF-B39B-ED9BFD2FE790}.Debug|x86.ActiveCfg = Debug|Any CPU
		{EEF5BEA0-EB36-4BCF-B39B-ED9BFD2FE790}.Debug|x86.Build.0 = Debug|Any CPU
		{EEF5BEA0-EB36-4BCF-B39B-ED9BFD2FE790}.Release|Any CPU.ActiveCfg = Release|Any CPU
		{EEF5BEA0-EB36-4BCF-B39B-ED9BFD2FE790}.Release|Any CPU.Build.0 = Release|Any CPU
		{EEF5BEA0-EB36-4BCF-B39B-ED9BFD2FE790}.Release|x64.ActiveCfg = Release|Any CPU
		{EEF5BEA0-EB36-4BCF-B39B-ED9BFD2FE790}.Release|x64.Build.0 = Release|Any CPU
		{EEF5BEA0-EB36-4BCF-B39B-ED9BFD2FE790}.Release|x86.ActiveCfg = Release|Any CPU
		{EEF5BEA0-EB36-4BCF-B39B-ED9BFD2FE790}.Release|x86.Build.0 = Release|Any CPU
		{A45A20E0-DF26-46FA-99A4-C0758135B030}.Debug|Any CPU.ActiveCfg = Debug|Any CPU
		{A45A20E0-DF26-46FA-99A4-C0758135B030}.Debug|Any CPU.Build.0 = Debug|Any CPU
		{A45A20E0-DF26-46FA-99A4-C0758135B030}.Debug|x64.ActiveCfg = Debug|Any CPU
		{A45A20E0-DF26-46FA-99A4-C0758135B030}.Debug|x64.Build.0 = Debug|Any CPU
		{A45A20E0-DF26-46FA-99A4-C0758135B030}.Debug|x86.ActiveCfg = Debug|Any CPU
		{A45A20E0-DF26-46FA-99A4-C0758135B030}.Debug|x86.Build.0 = Debug|Any CPU
		{A45A20E0-DF26-46FA-99A4-C0758135B030}.Release|Any CPU.ActiveCfg = Release|Any CPU
		{A45A20E0-DF26-46FA-99A4-C0758135B030}.Release|Any CPU.Build.0 = Release|Any CPU
		{A45A20E0-DF26-46FA-99A4-C0758135B030}.Release|x64.ActiveCfg = Release|Any CPU
		{A45A20E0-DF26-46FA-99A4-C0758135B030}.Release|x64.Build.0 = Release|Any CPU
		{A45A20E0-DF26-46FA-99A4-C0758135B030}.Release|x86.ActiveCfg = Release|Any CPU
		{A45A20E0-DF26-46FA-99A4-C0758135B030}.Release|x86.Build.0 = Release|Any CPU
	EndGlobalSection
	GlobalSection(SolutionProperties) = preSolution
		HideSolutionNode = FALSE
	EndGlobalSection
	GlobalSection(NestedProjects) = preSolution
		{0BBA03CE-EE39-4321-BCFA-B2FDB88FDE0F} = {FFE21A9E-BFE8-45D5-A23F-C313576C9E3C}
		{6A204977-FC5E-48D3-A20C-34A98EB870EF} = {FFE21A9E-BFE8-45D5-A23F-C313576C9E3C}
		{86930806-BB6B-4CA2-81D7-A97FF7061D66} = {FFE21A9E-BFE8-45D5-A23F-C313576C9E3C}
		{98177A2D-C09F-415F-AD42-267BAE6D8064} = {FFE21A9E-BFE8-45D5-A23F-C313576C9E3C}
		{BB59292C-E92F-4BF7-A460-ADDD9E2E2148} = {FFE21A9E-BFE8-45D5-A23F-C313576C9E3C}
		{3DFE4F74-3747-432B-B058-A5B66F8B18F9} = {FFE21A9E-BFE8-45D5-A23F-C313576C9E3C}
		{2C9AF9C5-4C8F-4B16-9D13-C3AE8C994286} = {FFE21A9E-BFE8-45D5-A23F-C313576C9E3C}
		{31EE1559-03DC-4E09-AC1C-FE385022A568} = {FFE21A9E-BFE8-45D5-A23F-C313576C9E3C}
		{0523A6F4-43E2-469E-97F7-2081D6E0F88D} = {FFE21A9E-BFE8-45D5-A23F-C313576C9E3C}
		{EEF5BEA0-EB36-4BCF-B39B-ED9BFD2FE790} = {FFE21A9E-BFE8-45D5-A23F-C313576C9E3C}
		{A45A20E0-DF26-46FA-99A4-C0758135B030} = {FFE21A9E-BFE8-45D5-A23F-C313576C9E3C}
	EndGlobalSection
	GlobalSection(ExtensibilityGlobals) = postSolution
		SolutionGuid = {80EF3380-F3DA-4E7C-99D5-CBEDCFD4B0C7}
	EndGlobalSection
EndGlobal
